
Microsoft Visual Studio Solution File, Format Version 12.00
# Visual Studio 15
VisualStudioVersion = 15.0.28307.489
MinimumVisualStudioVersion = 10.0.40219.1
Project("{FAE04EC0-301F-11D3-BF4B-00C04F79EFBC}") = "dashboard-app", "dashboard-app\dashboard-app.csproj", "{DFD23B2D-38AC-4D13-A5C0-82631F6B2956}"
EndProject
Global
	GlobalSection(SolutionConfigurationPlatforms) = preSolution
		Debug|Any CPU = Debug|Any CPU
		Release|Any CPU = Release|Any CPU
	EndGlobalSection
	GlobalSection(ProjectConfigurationPlatforms) = postSolution
		{DFD23B2D-38AC-4D13-A5C0-82631F6B2956}.Debug|Any CPU.ActiveCfg = Debug|Any CPU
		{DFD23B2D-38AC-4D13-A5C0-82631F6B2956}.Debug|Any CPU.Build.0 = Debug|Any CPU
		{DFD23B2D-38AC-4D13-A5C0-82631F6B2956}.Release|Any CPU.ActiveCfg = Release|Any CPU
		{DFD23B2D-38AC-4D13-A5C0-82631F6B2956}.Release|Any CPU.Build.0 = Release|Any CPU
	EndGlobalSection
	GlobalSection(SolutionProperties) = preSolution
		HideSolutionNode = FALSE
	EndGlobalSection
	GlobalSection(ExtensibilityGlobals) = postSolution
		SolutionGuid = {35455D33-1FFC-4D06-9B5D-D6EBACAD745A}
	EndGlobalSection
EndGlobal
